// !$*UTF8*$!
{
	archiveVersion = 1;
	classes = {
	};
	objectVersion = 56;
	objects = {

/* Begin PBXBuildFile section */
		AE90243029CCCCEA008191FC /* WiFi.swift in Sources */ = {isa = PBXBuildFile; fileRef = AE90242F29CCCCEA008191FC /* WiFi.swift */; };
		AE90243229CCCDD7008191FC /* VoceMeAmaAinda.swift in Sources */ = {isa = PBXBuildFile; fileRef = AE90243129CCCDD7008191FC /* VoceMeAmaAinda.swift */; };
		AEDBBF6529B259C700EE34C7 /* Desafio__State__Binding_02App.swift in Sources */ = {isa = PBXBuildFile; fileRef = AEDBBF6429B259C700EE34C7 /* Desafio__State__Binding_02App.swift */; };
		AEDBBF6729B259C700EE34C7 /* ContentView.swift in Sources */ = {isa = PBXBuildFile; fileRef = AEDBBF6629B259C700EE34C7 /* ContentView.swift */; };
		AEDBBF6929B259C800EE34C7 /* Assets.xcassets in Resources */ = {isa = PBXBuildFile; fileRef = AEDBBF6829B259C800EE34C7 /* Assets.xcassets */; };
		AEDBBF6C29B259C800EE34C7 /* Preview Assets.xcassets in Resources */ = {isa = PBXBuildFile; fileRef = AEDBBF6B29B259C800EE34C7 /* Preview Assets.xcassets */; };
/* End PBXBuildFile section */

/* Begin PBXFileReference section */
		AE90242F29CCCCEA008191FC /* WiFi.swift */ = {isa = PBXFileReference; lastKnownFileType = sourcecode.swift; path = WiFi.swift; sourceTree = "<group>"; };
		AE90243129CCCDD7008191FC /* VoceMeAmaAinda.swift */ = {isa = PBXFileReference; lastKnownFileType = sourcecode.swift; path = VoceMeAmaAinda.swift; sourceTree = "<group>"; };
		AEDBBF6129B259C700EE34C7 /* Desafio @State-$Binding-02.app */ = {isa = PBXFileReference; explicitFileType = wrapper.application; includeInIndex = 0; path = "Desafio @State-$Binding-02.app"; sourceTree = BUILT_PRODUCTS_DIR; };
		AEDBBF6429B259C700EE34C7 /* Desafio__State__Binding_02App.swift */ = {isa = PBXFileReference; lastKnownFileType = sourcecode.swift; path = Desafio__State__Binding_02App.swift; sourceTree = "<group>"; };
		AEDBBF6629B259C700EE34C7 /* ContentView.swift */ = {isa = PBXFileReference; lastKnownFileType = sourcecode.swift; path = ContentView.swift; sourceTree = "<group>"; };
		AEDBBF6829B259C800EE34C7 /* Assets.xcassets */ = {isa = PBXFileReference; lastKnownFileType = folder.assetcatalog; path = Assets.xcassets; sourceTree = "<group>"; };
		AEDBBF6B29B259C800EE34C7 /* Preview Assets.xcassets */ = {isa = PBXFileReference; lastKnownFileType = folder.assetcatalog; path = "Preview Assets.xcassets"; sourceTree = "<group>"; };
/* End PBXFileReference section */

/* Begin PBXFrameworksBuildPhase section */
		AEDBBF5E29B259C700EE34C7 /* Frameworks */ = {
			isa = PBXFrameworksBuildPhase;
			buildActionMask = 2147483647;
			files = (
			);
			runOnlyForDeploymentPostprocessing = 0;
		};
/* End PBXFrameworksBuildPhase section */

/* Begin PBXGroup section */
		AEDBBF5829B259C700EE34C7 = {
			isa = PBXGroup;
			children = (
				AEDBBF6329B259C700EE34C7 /* Desafio @State-$Binding-02 */,
				AEDBBF6229B259C700EE34C7 /* Products */,
			);
			sourceTree = "<group>";
		};
		AEDBBF6229B259C700EE34C7 /* Products */ = {
			isa = PBXGroup;
			children = (
				AEDBBF6129B259C700EE34C7 /* Desafio @State-$Binding-02.app */,
			);
			name = Products;
			sourceTree = "<group>";
		};
		AEDBBF6329B259C700EE34C7 /* Desafio @State-$Binding-02 */ = {
			isa = PBXGroup;
			children = (
				AEDBBF6429B259C700EE34C7 /* Desafio__State__Binding_02App.swift */,
				AEDBBF6629B259C700EE34C7 /* ContentView.swift */,
				AE90242F29CCCCEA008191FC /* WiFi.swift */,
				AE90243129CCCDD7008191FC /* VoceMeAmaAinda.swift */,
				AEDBBF6829B259C800EE34C7 /* Assets.xcassets */,
				AEDBBF6A29B259C800EE34C7 /* Preview Content */,
			);
			path = "Desafio @State-$Binding-02";
			sourceTree = "<group>";
		};
		AEDBBF6A29B259C800EE34C7 /* Preview Content */ = {
			isa = PBXGroup;
			children = (
				AEDBBF6B29B259C800EE34C7 /* Preview Assets.xcassets */,
			);
			path = "Preview Content";
			sourceTree = "<group>";
		};
/* End PBXGroup section */

/* Begin PBXNativeTarget section */
		AEDBBF6029B259C700EE34C7 /* Desafio @State-$Binding-02 */ = {
			isa = PBXNativeTarget;
			buildConfigurationList = AEDBBF6F29B259C800EE34C7 /* Build configuration list for PBXNativeTarget "Desafio @State-$Binding-02" */;
			buildPhases = (
				AEDBBF5D29B259C700EE34C7 /* Sources */,
				AEDBBF5E29B259C700EE34C7 /* Frameworks */,
				AEDBBF5F29B259C700EE34C7 /* Resources */,
			);
			buildRules = (
			);
			dependencies = (
			);
			name = "Desafio @State-$Binding-02";
			productName = "Desafio @State-$Binding-02";
			productReference = AEDBBF6129B259C700EE34C7 /* Desafio @State-$Binding-02.app */;
			productType = "com.apple.product-type.application";
		};
/* End PBXNativeTarget section */

/* Begin PBXProject section */
		AEDBBF5929B259C700EE34C7 /* Project object */ = {
			isa = PBXProject;
			attributes = {
				BuildIndependentTargetsInParallel = 1;
				LastSwiftUpdateCheck = 1420;
				LastUpgradeCheck = 1420;
				TargetAttributes = {
					AEDBBF6029B259C700EE34C7 = {
						CreatedOnToolsVersion = 14.2;
					};
				};
			};
			buildConfigurationList = AEDBBF5C29B259C700EE34C7 /* Build configuration list for PBXProject "Desafio @State-$Binding-02" */;
			compatibilityVersion = "Xcode 14.0";
			developmentRegion = en;
			hasScannedForEncodings = 0;
			knownRegions = (
				en,
				Base,
			);
			mainGroup = AEDBBF5829B259C700EE34C7;
			productRefGroup = AEDBBF6229B259C700EE34C7 /* Products */;
			projectDirPath = "";
			projectRoot = "";
			targets = (
				AEDBBF6029B259C700EE34C7 /* Desafio @State-$Binding-02 */,
			);
		};
/* End PBXProject section */

/* Begin PBXResourcesBuildPhase section */
		AEDBBF5F29B259C700EE34C7 /* Resources */ = {
			isa = PBXResourcesBuildPhase;
			buildActionMask = 2147483647;
			files = (
				AEDBBF6C29B259C800EE34C7 /* Preview Assets.xcassets in Resources */,
				AEDBBF6929B259C800EE34C7 /* Assets.xcassets in Resources */,
			);
			runOnlyForDeploymentPostprocessing = 0;
		};
/* End PBXResourcesBuildPhase section */

/* Begin PBXSourcesBuildPhase section */
		AEDBBF5D29B259C700EE34C7 /* Sources */ = {
			isa = PBXSourcesBuildPhase;
			buildActionMask = 2147483647;
			files = (
				AEDBBF6729B259C700EE34C7 /* ContentView.swift in Sources */,
				AE90243029CCCCEA008191FC /* WiFi.swift in Sources */,
				AE90243229CCCDD7008191FC /* VoceMeAmaAinda.swift in Sources */,
				AEDBBF6529B259C700EE34C7 /* Desafio__State__Binding_02App.swift in Sources */,
			);
			runOnlyForDeploymentPostprocessing = 0;
		};
/* End PBXSourcesBuildPhase section */

/* Begin XCBuildConfiguration section */
		AEDBBF6D29B259C800EE34C7 /* Debug */ = {
			isa = XCBuildConfiguration;
			buildSettings = {
				ALWAYS_SEARCH_USER_PATHS = NO;
				CLANG_ANALYZER_NONNULL = YES;
				CLANG_ANALYZER_NUMBER_OBJECT_CONVERSION = YES_AGGRESSIVE;
				CLANG_CXX_LANGUAGE_STANDARD = "gnu++20";
				CLANG_ENABLE_MODULES = YES;
				CLANG_ENABLE_OBJC_ARC = YES;
				CLANG_ENABLE_OBJC_WEAK = YES;
				CLANG_WARN_BLOCK_CAPTURE_AUTORELEASING = YES;
				CLANG_WARN_BOOL_CONVERSION = YES;
				CLANG_WARN_COMMA = YES;
				CLANG_WARN_CONSTANT_CONVERSION = YES;
				CLANG_WARN_DEPRECATED_OBJC_IMPLEMENTATIONS = YES;
				CLANG_WARN_DIRECT_OBJC_ISA_USAGE = YES_ERROR;
				CLANG_WARN_DOCUMENTATION_COMMENTS = YES;
				CLANG_WARN_EMPTY_BODY = YES;
				CLANG_WARN_ENUM_CONVERSION = YES;
				CLANG_WARN_INFINITE_RECURSION = YES;
				CLANG_WARN_INT_CONVERSION = YES;
				CLANG_WARN_NON_LITERAL_NULL_CONVERSION = YES;
				CLANG_WARN_OBJC_IMPLICIT_RETAIN_SELF = YES;
				CLANG_WARN_OBJC_LITERAL_CONVERSION = YES;
				CLANG_WARN_OBJC_ROOT_CLASS = YES_ERROR;
				CLANG_WARN_QUOTED_INCLUDE_IN_FRAMEWORK_HEADER = YES;
				CLANG_WARN_RANGE_LOOP_ANALYSIS = YES;
				CLANG_WARN_STRICT_PROTOTYPES = YES;
				CLANG_WARN_SUSPICIOUS_MOVE = YES;
				CLANG_WARN_UNGUARDED_AVAILABILITY = YES_AGGRESSIVE;
				CLANG_WARN_UNREACHABLE_CODE = YES;
				CLANG_WARN__DUPLICATE_METHOD_MATCH = YES;
				COPY_PHASE_STRIP = NO;
				DEBUG_INFORMATION_FORMAT = dwarf;
				ENABLE_STRICT_OBJC_MSGSEND = YES;
				ENABLE_TESTABILITY = YES;
				GCC_C_LANGUAGE_STANDARD = gnu11;
				GCC_DYNAMIC_NO_PIC = NO;
				GCC_NO_COMMON_BLOCKS = YES;
				GCC_OPTIMIZATION_LEVEL = 0;
				GCC_PREPROCESSOR_DEFINITIONS = (
					"DEBUG=1",
					"$(inherited)",
				);
				GCC_WARN_64_TO_32_BIT_CONVERSION = YES;
				GCC_WARN_ABOUT_RETURN_TYPE = YES_ERROR;
				GCC_WARN_UNDECLARED_SELECTOR = YES;
				GCC_WARN_UNINITIALIZED_AUTOS = YES_AGGRESSIVE;
				GCC_WARN_UNUSED_FUNCTION = YES;
				GCC_WARN_UNUSED_VARIABLE = YES;
				IPHONEOS_DEPLOYMENT_TARGET = 16.2;
				MTL_ENABLE_DEBUG_INFO = INCLUDE_SOURCE;
				MTL_FAST_MATH = YES;
				ONLY_ACTIVE_ARCH = YES;
				SDKROOT = iphoneos;
				SWIFT_ACTIVE_COMPILATION_CONDITIONS = DEBUG;
				SWIFT_OPTIMIZATION_LEVEL = "-Onone";
			};
			name = Debug;
		};
		AEDBBF6E29B259C800EE34C7 /* Release */ = {
			isa = XCBuildConfiguration;
			buildSettings = {
				ALWAYS_SEARCH_USER_PATHS = NO;
				CLANG_ANALYZER_NONNULL = YES;
				CLANG_ANALYZER_NUMBER_OBJECT_CONVERSION = YES_AGGRESSIVE;
				CLANG_CXX_LANGUAGE_STANDARD = "gnu++20";
				CLANG_ENABLE_MODULES = YES;
				CLANG_ENABLE_OBJC_ARC = YES;
				CLANG_ENABLE_OBJC_WEAK = YES;
				CLANG_WARN_BLOCK_CAPTURE_AUTORELEASING = YES;
				CLANG_WARN_BOOL_CONVERSION = YES;
				CLANG_WARN_COMMA = YES;
				CLANG_WARN_CONSTANT_CONVERSION = YES;
				CLANG_WARN_DEPRECATED_OBJC_IMPLEMENTATIONS = YES;
				CLANG_WARN_DIRECT_OBJC_ISA_USAGE = YES_ERROR;
				CLANG_WARN_DOCUMENTATION_COMMENTS = YES;
				CLANG_WARN_EMPTY_BODY = YES;
				CLANG_WARN_ENUM_CONVERSION = YES;
				CLANG_WARN_INFINITE_RECURSION = YES;
				CLANG_WARN_INT_CONVERSION = YES;
				CLANG_WARN_NON_LITERAL_NULL_CONVERSION = YES;
				CLANG_WARN_OBJC_IMPLICIT_RETAIN_SELF = YES;
				CLANG_WARN_OBJC_LITERAL_CONVERSION = YES;
				CLANG_WARN_OBJC_ROOT_CLASS = YES_ERROR;
				CLANG_WARN_QUOTED_INCLUDE_IN_FRAMEWORK_HEADER = YES;
				CLANG_WARN_RANGE_LOOP_ANALYSIS = YES;
				CLANG_WARN_STRICT_PROTOTYPES = YES;
				CLANG_WARN_SUSPICIOUS_MOVE = YES;
				CLANG_WARN_UNGUARDED_AVAILABILITY = YES_AGGRESSIVE;
				CLANG_WARN_UNREACHABLE_CODE = YES;
				CLANG_WARN__DUPLICATE_METHOD_MATCH = YES;
				COPY_PHASE_STRIP = NO;
				DEBUG_INFORMATION_FORMAT = "dwarf-with-dsym";
				ENABLE_NS_ASSERTIONS = NO;
				ENABLE_STRICT_OBJC_MSGSEND = YES;
				GCC_C_LANGUAGE_STANDARD = gnu11;
				GCC_NO_COMMON_BLOCKS = YES;
				GCC_WARN_64_TO_32_BIT_CONVERSION = YES;
				GCC_WARN_ABOUT_RETURN_TYPE = YES_ERROR;
				GCC_WARN_UNDECLARED_SELECTOR = YES;
				GCC_WARN_UNINITIALIZED_AUTOS = YES_AGGRESSIVE;
				GCC_WARN_UNUSED_FUNCTION = YES;
				GCC_WARN_UNUSED_VARIABLE = YES;
				IPHONEOS_DEPLOYMENT_TARGET = 16.2;
				MTL_ENABLE_DEBUG_INFO = NO;
				MTL_FAST_MATH = YES;
				SDKROOT = iphoneos;
				SWIFT_COMPILATION_MODE = wholemodule;
				SWIFT_OPTIMIZATION_LEVEL = "-O";
				VALIDATE_PRODUCT = YES;
			};
			name = Release;
		};
		AEDBBF7029B259C800EE34C7 /* Debug */ = {
			isa = XCBuildConfiguration;
			buildSettings = {
				ASSETCATALOG_COMPILER_APPICON_NAME = AppIcon;
				ASSETCATALOG_COMPILER_GLOBAL_ACCENT_COLOR_NAME = AccentColor;
				CODE_SIGN_STYLE = Automatic;
				CURRENT_PROJECT_VERSION = 1;
				DEVELOPMENT_ASSET_PATHS = "\"Desafio @State-$Binding-02/Preview Content\"";
				ENABLE_PREVIEWS = YES;
				GENERATE_INFOPLIST_FILE = YES;
				INFOPLIST_KEY_UIApplicationSceneManifest_Generation = YES;
				INFOPLIST_KEY_UIApplicationSupportsIndirectInputEvents = YES;
				INFOPLIST_KEY_UILaunchScreen_Generation = YES;
				INFOPLIST_KEY_UISupportedInterfaceOrientations_iPad = "UIInterfaceOrientationPortrait UIInterfaceOrientationPortraitUpsideDown UIInterfaceOrientationLandscapeLeft UIInterfaceOrientationLandscapeRight";
				INFOPLIST_KEY_UISupportedInterfaceOrientations_iPhone = "UIInterfaceOrientationPortrait UIInterfaceOrientationLandscapeLeft UIInterfaceOrientationLandscapeRight";
				LD_RUNPATH_SEARCH_PATHS = (
					"$(inherited)",
					"@executable_path/Frameworks",
				);
				MARKETING_VERSION = 1.0;
				PRODUCT_BUNDLE_IDENTIFIER = "teste.axel.Desafio--State--Binding-02";
				PRODUCT_NAME = "$(TARGET_NAME)";
				SWIFT_EMIT_LOC_STRINGS = YES;
				SWIFT_VERSION = 5.0;
				TARGETED_DEVICE_FAMILY = "1,2";
			};
			name = Debug;
		};
		AEDBBF7129B259C800EE34C7 /* Release */ = {
			isa = XCBuildConfiguration;
			buildSettings = {
				ASSETCATALOG_COMPILER_APPICON_NAME = AppIcon;
				ASSETCATALOG_COMPILER_GLOBAL_ACCENT_COLOR_NAME = AccentColor;
				CODE_SIGN_STYLE = Automatic;
				CURRENT_PROJECT_VERSION = 1;
				DEVELOPMENT_ASSET_PATHS = "\"Desafio @State-$Binding-02/Preview Content\"";
				ENABLE_PREVIEWS = YES;
				GENERATE_INFOPLIST_FILE = YES;
				INFOPLIST_KEY_UIApplicationSceneManifest_Generation = YES;
				INFOPLIST_KEY_UIApplicationSupportsIndirectInputEvents = YES;
				INFOPLIST_KEY_UILaunchScreen_Generation = YES;
				INFOPLIST_KEY_UISupportedInterfaceOrientations_iPad = "UIInterfaceOrientationPortrait UIInterfaceOrientationPortraitUpsideDown UIInterfaceOrientationLandscapeLeft UIInterfaceOrientationLandscapeRight";
				INFOPLIST_KEY_UISupportedInterfaceOrientations_iPhone = "UIInterfaceOrientationPortrait UIInterfaceOrientationLandscapeLeft UIInterfaceOrientationLandscapeRight";
				LD_RUNPATH_SEARCH_PATHS = (
					"$(inherited)",
					"@executable_path/Frameworks",
				);
				MARKETING_VERSION = 1.0;
				PRODUCT_BUNDLE_IDENTIFIER = "teste.axel.Desafio--State--Binding-02";
				PRODUCT_NAME = "$(TARGET_NAME)";
				SWIFT_EMIT_LOC_STRINGS = YES;
				SWIFT_VERSION = 5.0;
				TARGETED_DEVICE_FAMILY = "1,2";
			};
			name = Release;
		};
/* End XCBuildConfiguration section */

/* Begin XCConfigurationList section */
		AEDBBF5C29B259C700EE34C7 /* Build configuration list for PBXProject "Desafio @State-$Binding-02" */ = {
			isa = XCConfigurationList;
			buildConfigurations = (
				AEDBBF6D29B259C800EE34C7 /* Debug */,
				AEDBBF6E29B259C800EE34C7 /* Release */,
			);
			defaultConfigurationIsVisible = 0;
			defaultConfigurationName = Release;
		};
		AEDBBF6F29B259C800EE34C7 /* Build configuration list for PBXNativeTarget "Desafio @State-$Binding-02" */ = {
			isa = XCConfigurationList;
			buildConfigurations = (
				AEDBBF7029B259C800EE34C7 /* Debug */,
				AEDBBF7129B259C800EE34C7 /* Release */,
			);
			defaultConfigurationIsVisible = 0;
			defaultConfigurationName = Release;
		};
/* End XCConfigurationList section */
	};
	rootObject = AEDBBF5929B259C700EE34C7 /* Project object */;
}
